{
  "pins" : [
    {
      "identity" : "haishinkit.swift",
      "kind" : "remoteSourceControl",
      "location" : "https://github.com/shogo4405/HaishinKit.swift/",
      "state" : {
        "revision" : "ba5af2f4c3d21f51ff97df2e45f18456f99ce0da",
        "version" : "1.6.0"
      }
    },
    {
      "identity" : "logboard",
      "kind" : "remoteSourceControl",
      "location" : "https://github.com/shogo4405/Logboard.git",
      "state" : {
        "revision" : "6a7cbf54553936103084ed72cfb6d6f836758229",
        "version" : "2.4.1"
      }
    }
  ],
  "version" : 2
}
