// !$*UTF8*$!
{
	archiveVersion = 1;
	classes = {
	};
	objectVersion = 48;
	objects = {

/* Begin PBXBuildFile section */
		293875AE1F35D746009F4B30 /* Logboard.swift in Sources */ = {isa = PBXBuildFile; fileRef = 293875251F35D21F009F4B30 /* Logboard.swift */; };
		293875AF1F35D747009F4B30 /* Logboard.swift in Sources */ = {isa = PBXBuildFile; fileRef = 293875251F35D21F009F4B30 /* Logboard.swift */; };
		293875B11F35D748009F4B30 /* Logboard.swift in Sources */ = {isa = PBXBuildFile; fileRef = 293875251F35D21F009F4B30 /* Logboard.swift */; };
		293875B81F35DB5C009F4B30 /* LogboardAppender.swift in Sources */ = {isa = PBXBuildFile; fileRef = 293875B71F35DB5C009F4B30 /* LogboardAppender.swift */; };
		293875B91F35DB5C009F4B30 /* LogboardAppender.swift in Sources */ = {isa = PBXBuildFile; fileRef = 293875B71F35DB5C009F4B30 /* LogboardAppender.swift */; };
		293875BB1F35DB5C009F4B30 /* LogboardAppender.swift in Sources */ = {isa = PBXBuildFile; fileRef = 293875B71F35DB5C009F4B30 /* LogboardAppender.swift */; };
		293875BD1F35DD1C009F4B30 /* ConsoleAppender.swift in Sources */ = {isa = PBXBuildFile; fileRef = 293875BC1F35DD1C009F4B30 /* ConsoleAppender.swift */; };
		293875BE1F35DD1C009F4B30 /* ConsoleAppender.swift in Sources */ = {isa = PBXBuildFile; fileRef = 293875BC1F35DD1C009F4B30 /* ConsoleAppender.swift */; };
		293875C01F35DD1C009F4B30 /* ConsoleAppender.swift in Sources */ = {isa = PBXBuildFile; fileRef = 293875BC1F35DD1C009F4B30 /* ConsoleAppender.swift */; };
		293875C21F35DD77009F4B30 /* NullAppender.swift in Sources */ = {isa = PBXBuildFile; fileRef = 293875C11F35DD77009F4B30 /* NullAppender.swift */; };
		293875C31F35DD77009F4B30 /* NullAppender.swift in Sources */ = {isa = PBXBuildFile; fileRef = 293875C11F35DD77009F4B30 /* NullAppender.swift */; };
		293875C51F35DD77009F4B30 /* NullAppender.swift in Sources */ = {isa = PBXBuildFile; fileRef = 293875C11F35DD77009F4B30 /* NullAppender.swift */; };
		293875D31F370F51009F4B30 /* Logboard.h in Headers */ = {isa = PBXBuildFile; fileRef = 293875511F35D4A3009F4B30 /* Logboard.h */; settings = {ATTRIBUTES = (Public, ); }; };
		293875D51F370F64009F4B30 /* Logboard.h in Headers */ = {isa = PBXBuildFile; fileRef = 293875621F35D564009F4B30 /* Logboard.h */; settings = {ATTRIBUTES = (Public, ); }; };
		293875D61F370F6C009F4B30 /* Logboard.h in Headers */ = {isa = PBXBuildFile; fileRef = 2938752B1F35D39B009F4B30 /* Logboard.h */; settings = {ATTRIBUTES = (Public, ); }; };
		293875D71F370F77009F4B30 /* Logboard.h in Headers */ = {isa = PBXBuildFile; fileRef = 2938759E1F35D643009F4B30 /* Logboard.h */; settings = {ATTRIBUTES = (Public, ); }; };
		293875E21F374DFC009F4B30 /* ConsoleAppender.swift in Sources */ = {isa = PBXBuildFile; fileRef = 293875BC1F35DD1C009F4B30 /* ConsoleAppender.swift */; };
		293875E31F374DFF009F4B30 /* Logboard.swift in Sources */ = {isa = PBXBuildFile; fileRef = 293875251F35D21F009F4B30 /* Logboard.swift */; };
		293875E41F374E01009F4B30 /* LogboardAppender.swift in Sources */ = {isa = PBXBuildFile; fileRef = 293875B71F35DB5C009F4B30 /* LogboardAppender.swift */; };
		293875E51F374E04009F4B30 /* NullAppender.swift in Sources */ = {isa = PBXBuildFile; fileRef = 293875C11F35DD77009F4B30 /* NullAppender.swift */; };
		296708FD1FA60DC400278D68 /* SocketAppender.swift in Sources */ = {isa = PBXBuildFile; fileRef = 29CC69C31FA5CF58005DF398 /* SocketAppender.swift */; };
		29C4D5721FAD431700978193 /* Logboard.Data.swift in Sources */ = {isa = PBXBuildFile; fileRef = 29C4D5711FAD431700978193 /* Logboard.Data.swift */; };
		29C4D5731FAD431700978193 /* Logboard.Data.swift in Sources */ = {isa = PBXBuildFile; fileRef = 29C4D5711FAD431700978193 /* Logboard.Data.swift */; };
		29C4D5741FAD431700978193 /* Logboard.Data.swift in Sources */ = {isa = PBXBuildFile; fileRef = 29C4D5711FAD431700978193 /* Logboard.Data.swift */; };
		29C4D5751FAD431700978193 /* Logboard.Data.swift in Sources */ = {isa = PBXBuildFile; fileRef = 29C4D5711FAD431700978193 /* Logboard.Data.swift */; };
		29CC69C41FA5CF58005DF398 /* SocketAppender.swift in Sources */ = {isa = PBXBuildFile; fileRef = 29CC69C31FA5CF58005DF398 /* SocketAppender.swift */; };
		29CC69C61FA5CF58005DF398 /* SocketAppender.swift in Sources */ = {isa = PBXBuildFile; fileRef = 29CC69C31FA5CF58005DF398 /* SocketAppender.swift */; };
		29CC69C71FA5CF58005DF398 /* SocketAppender.swift in Sources */ = {isa = PBXBuildFile; fileRef = 29CC69C31FA5CF58005DF398 /* SocketAppender.swift */; };
		29CC69C91FA5D46B005DF398 /* MultiAppender.swift in Sources */ = {isa = PBXBuildFile; fileRef = 29CC69C81FA5D46B005DF398 /* MultiAppender.swift */; };
		29CC69CA1FA5D46B005DF398 /* MultiAppender.swift in Sources */ = {isa = PBXBuildFile; fileRef = 29CC69C81FA5D46B005DF398 /* MultiAppender.swift */; };
		29CC69CB1FA5D46B005DF398 /* MultiAppender.swift in Sources */ = {isa = PBXBuildFile; fileRef = 29CC69C81FA5D46B005DF398 /* MultiAppender.swift */; };
		29CC69CC1FA5D46B005DF398 /* MultiAppender.swift in Sources */ = {isa = PBXBuildFile; fileRef = 29CC69C81FA5D46B005DF398 /* MultiAppender.swift */; };
/* End PBXBuildFile section */

/* Begin PBXFileReference section */
		293875251F35D21F009F4B30 /* Logboard.swift */ = {isa = PBXFileReference; fileEncoding = 4; lastKnownFileType = sourcecode.swift; name = Logboard.swift; path = Sources/Logboard.swift; sourceTree = "<group>"; };
		2938752A1F35D39B009F4B30 /* Info.plist */ = {isa = PBXFileReference; fileEncoding = 4; lastKnownFileType = text.plist.xml; name = Info.plist; path = Platforms/macOS/Info.plist; sourceTree = "<group>"; };
		2938752B1F35D39B009F4B30 /* Logboard.h */ = {isa = PBXFileReference; fileEncoding = 4; lastKnownFileType = sourcecode.c.h; name = Logboard.h; path = Platforms/macOS/Logboard.h; sourceTree = "<group>"; };
		293875391F35D45B009F4B30 /* Logboard.framework */ = {isa = PBXFileReference; explicitFileType = wrapper.framework; includeInIndex = 0; path = Logboard.framework; sourceTree = BUILT_PRODUCTS_DIR; };
		293875501F35D4A3009F4B30 /* Info.plist */ = {isa = PBXFileReference; fileEncoding = 4; lastKnownFileType = text.plist.xml; name = Info.plist; path = Platforms/iOS/Info.plist; sourceTree = "<group>"; };
		293875511F35D4A3009F4B30 /* Logboard.h */ = {isa = PBXFileReference; fileEncoding = 4; lastKnownFileType = sourcecode.c.h; name = Logboard.h; path = Platforms/iOS/Logboard.h; sourceTree = "<group>"; };
		293875591F35D51E009F4B30 /* Logboard.framework */ = {isa = PBXFileReference; explicitFileType = wrapper.framework; includeInIndex = 0; path = Logboard.framework; sourceTree = BUILT_PRODUCTS_DIR; };
		293875611F35D564009F4B30 /* Info.plist */ = {isa = PBXFileReference; fileEncoding = 4; lastKnownFileType = text.plist.xml; name = Info.plist; path = Platforms/watchOS/Info.plist; sourceTree = "<group>"; };
		293875621F35D564009F4B30 /* Logboard.h */ = {isa = PBXFileReference; fileEncoding = 4; lastKnownFileType = sourcecode.c.h; name = Logboard.h; path = Platforms/watchOS/Logboard.h; sourceTree = "<group>"; };
		2938759D1F35D643009F4B30 /* Info.plist */ = {isa = PBXFileReference; fileEncoding = 4; lastKnownFileType = text.plist.xml; name = Info.plist; path = Platforms/tvOS/Info.plist; sourceTree = "<group>"; };
		2938759E1F35D643009F4B30 /* Logboard.h */ = {isa = PBXFileReference; fileEncoding = 4; lastKnownFileType = sourcecode.c.h; name = Logboard.h; path = Platforms/tvOS/Logboard.h; sourceTree = "<group>"; };
		293875A61F35D6A9009F4B30 /* Logboard.framework */ = {isa = PBXFileReference; explicitFileType = wrapper.framework; includeInIndex = 0; path = Logboard.framework; sourceTree = BUILT_PRODUCTS_DIR; };
		293875B71F35DB5C009F4B30 /* LogboardAppender.swift */ = {isa = PBXFileReference; fileEncoding = 4; lastKnownFileType = sourcecode.swift; name = LogboardAppender.swift; path = Sources/LogboardAppender.swift; sourceTree = "<group>"; };
		293875BC1F35DD1C009F4B30 /* ConsoleAppender.swift */ = {isa = PBXFileReference; fileEncoding = 4; lastKnownFileType = sourcecode.swift; name = ConsoleAppender.swift; path = Sources/ConsoleAppender.swift; sourceTree = "<group>"; };
		293875C11F35DD77009F4B30 /* NullAppender.swift */ = {isa = PBXFileReference; fileEncoding = 4; lastKnownFileType = sourcecode.swift; name = NullAppender.swift; path = Sources/NullAppender.swift; sourceTree = "<group>"; };
		293875CB1F370E7D009F4B30 /* Logboard.framework */ = {isa = PBXFileReference; explicitFileType = wrapper.framework; includeInIndex = 0; path = Logboard.framework; sourceTree = BUILT_PRODUCTS_DIR; };
		293875D81F3725F9009F4B30 /* README.md */ = {isa = PBXFileReference; fileEncoding = 4; lastKnownFileType = net.daringfireball.markdown; path = README.md; sourceTree = "<group>"; };
		293875DA1F372601009F4B30 /* Logboard.podspec */ = {isa = PBXFileReference; fileEncoding = 4; lastKnownFileType = text; path = Logboard.podspec; sourceTree = "<group>"; };
		29C4D5711FAD431700978193 /* Logboard.Data.swift */ = {isa = PBXFileReference; lastKnownFileType = sourcecode.swift; name = Logboard.Data.swift; path = Sources/Logboard.Data.swift; sourceTree = "<group>"; };
		29CC69C31FA5CF58005DF398 /* SocketAppender.swift */ = {isa = PBXFileReference; lastKnownFileType = sourcecode.swift; name = SocketAppender.swift; path = Sources/SocketAppender.swift; sourceTree = "<group>"; };
		29CC69C81FA5D46B005DF398 /* MultiAppender.swift */ = {isa = PBXFileReference; lastKnownFileType = sourcecode.swift; name = MultiAppender.swift; path = Sources/MultiAppender.swift; sourceTree = "<group>"; };
/* End PBXFileReference section */

/* Begin PBXFrameworksBuildPhase section */
		293875351F35D45B009F4B30 /* Frameworks */ = {
			isa = PBXFrameworksBuildPhase;
			buildActionMask = 2147483647;
			files = (
			);
			runOnlyForDeploymentPostprocessing = 0;
		};
		293875551F35D51E009F4B30 /* Frameworks */ = {
			isa = PBXFrameworksBuildPhase;
			buildActionMask = 2147483647;
			files = (
			);
			runOnlyForDeploymentPostprocessing = 0;
		};
		293875A21F35D6A9009F4B30 /* Frameworks */ = {
			isa = PBXFrameworksBuildPhase;
			buildActionMask = 2147483647;
			files = (
			);
			runOnlyForDeploymentPostprocessing = 0;
		};
		293875C71F370E7D009F4B30 /* Frameworks */ = {
			isa = PBXFrameworksBuildPhase;
			buildActionMask = 2147483647;
			files = (
			);
			runOnlyForDeploymentPostprocessing = 0;
		};
/* End PBXFrameworksBuildPhase section */

/* Begin PBXGroup section */
		2921F0A21FA6007700EEF1F4 /* Frameworks */ = {
			isa = PBXGroup;
			children = (
			);
			name = Frameworks;
			sourceTree = "<group>";
		};
		293874AB1F359A3B009F4B30 = {
			isa = PBXGroup;
			children = (
				293875D81F3725F9009F4B30 /* README.md */,
				293875DA1F372601009F4B30 /* Logboard.podspec */,
				2921F0A21FA6007700EEF1F4 /* Frameworks */,
				293875201F35D1AC009F4B30 /* Platforms */,
				293874B61F359A3B009F4B30 /* Products */,
				2938751F1F35D1A6009F4B30 /* Sources */,
			);
			sourceTree = "<group>";
		};
		293874B61F359A3B009F4B30 /* Products */ = {
			isa = PBXGroup;
			children = (
				293875391F35D45B009F4B30 /* Logboard.framework */,
				293875591F35D51E009F4B30 /* Logboard.framework */,
				293875A61F35D6A9009F4B30 /* Logboard.framework */,
				293875CB1F370E7D009F4B30 /* Logboard.framework */,
			);
			name = Products;
			sourceTree = "<group>";
		};
		2938751F1F35D1A6009F4B30 /* Sources */ = {
			isa = PBXGroup;
			children = (
				293875BC1F35DD1C009F4B30 /* ConsoleAppender.swift */,
				29C4D5711FAD431700978193 /* Logboard.Data.swift */,
				293875251F35D21F009F4B30 /* Logboard.swift */,
				293875B71F35DB5C009F4B30 /* LogboardAppender.swift */,
				29CC69C81FA5D46B005DF398 /* MultiAppender.swift */,
				293875C11F35DD77009F4B30 /* NullAppender.swift */,
				29CC69C31FA5CF58005DF398 /* SocketAppender.swift */,
			);
			name = Sources;
			sourceTree = "<group>";
		};
		293875201F35D1AC009F4B30 /* Platforms */ = {
			isa = PBXGroup;
			children = (
				293875211F35D1C8009F4B30 /* iOS */,
				293875231F35D1D2009F4B30 /* macOS */,
				293875221F35D1CD009F4B30 /* tvOS */,
				293875241F35D1E1009F4B30 /* watchOS */,
			);
			name = Platforms;
			sourceTree = "<group>";
		};
		293875211F35D1C8009F4B30 /* iOS */ = {
			isa = PBXGroup;
			children = (
				293875501F35D4A3009F4B30 /* Info.plist */,
				293875511F35D4A3009F4B30 /* Logboard.h */,
			);
			name = iOS;
			sourceTree = "<group>";
		};
		293875221F35D1CD009F4B30 /* tvOS */ = {
			isa = PBXGroup;
			children = (
				2938759D1F35D643009F4B30 /* Info.plist */,
				2938759E1F35D643009F4B30 /* Logboard.h */,
			);
			name = tvOS;
			sourceTree = "<group>";
		};
		293875231F35D1D2009F4B30 /* macOS */ = {
			isa = PBXGroup;
			children = (
				2938752A1F35D39B009F4B30 /* Info.plist */,
				2938752B1F35D39B009F4B30 /* Logboard.h */,
			);
			name = macOS;
			sourceTree = "<group>";
		};
		293875241F35D1E1009F4B30 /* watchOS */ = {
			isa = PBXGroup;
			children = (
				293875611F35D564009F4B30 /* Info.plist */,
				293875621F35D564009F4B30 /* Logboard.h */,
			);
			name = watchOS;
			sourceTree = "<group>";
		};
/* End PBXGroup section */

/* Begin PBXHeadersBuildPhase section */
		293875361F35D45B009F4B30 /* Headers */ = {
			isa = PBXHeadersBuildPhase;
			buildActionMask = 2147483647;
			files = (
				293875D31F370F51009F4B30 /* Logboard.h in Headers */,
			);
			runOnlyForDeploymentPostprocessing = 0;
		};
		293875561F35D51E009F4B30 /* Headers */ = {
			isa = PBXHeadersBuildPhase;
			buildActionMask = 2147483647;
			files = (
				293875D51F370F64009F4B30 /* Logboard.h in Headers */,
			);
			runOnlyForDeploymentPostprocessing = 0;
		};
		293875A31F35D6A9009F4B30 /* Headers */ = {
			isa = PBXHeadersBuildPhase;
			buildActionMask = 2147483647;
			files = (
				293875D61F370F6C009F4B30 /* Logboard.h in Headers */,
			);
			runOnlyForDeploymentPostprocessing = 0;
		};
		293875C81F370E7D009F4B30 /* Headers */ = {
			isa = PBXHeadersBuildPhase;
			buildActionMask = 2147483647;
			files = (
				293875D71F370F77009F4B30 /* Logboard.h in Headers */,
			);
			runOnlyForDeploymentPostprocessing = 0;
		};
/* End PBXHeadersBuildPhase section */

/* Begin PBXNativeTarget section */
		293875381F35D45B009F4B30 /* Logboard iOS */ = {
			isa = PBXNativeTarget;
			buildConfigurationList = 2938754A1F35D45C009F4B30 /* Build configuration list for PBXNativeTarget "Logboard iOS" */;
			buildPhases = (
				293875341F35D45B009F4B30 /* Sources */,
				293875351F35D45B009F4B30 /* Frameworks */,
				293875361F35D45B009F4B30 /* Headers */,
				293875371F35D45B009F4B30 /* Resources */,
			);
			buildRules = (
			);
			dependencies = (
			);
			name = "Logboard iOS";
			productName = Logboard;
			productReference = 293875391F35D45B009F4B30 /* Logboard.framework */;
			productType = "com.apple.product-type.framework";
		};
		293875581F35D51E009F4B30 /* Logboard watchOS */ = {
			isa = PBXNativeTarget;
			buildConfigurationList = 2938755E1F35D51E009F4B30 /* Build configuration list for PBXNativeTarget "Logboard watchOS" */;
			buildPhases = (
				293875541F35D51E009F4B30 /* Sources */,
				293875551F35D51E009F4B30 /* Frameworks */,
				293875561F35D51E009F4B30 /* Headers */,
				293875571F35D51E009F4B30 /* Resources */,
			);
			buildRules = (
			);
			dependencies = (
			);
			name = "Logboard watchOS";
			productName = Logboard;
			productReference = 293875591F35D51E009F4B30 /* Logboard.framework */;
			productType = "com.apple.product-type.framework";
		};
		293875A51F35D6A9009F4B30 /* Logboard macOS */ = {
			isa = PBXNativeTarget;
			buildConfigurationList = 293875AB1F35D6A9009F4B30 /* Build configuration list for PBXNativeTarget "Logboard macOS" */;
			buildPhases = (
				293875A11F35D6A9009F4B30 /* Sources */,
				293875A21F35D6A9009F4B30 /* Frameworks */,
				293875A31F35D6A9009F4B30 /* Headers */,
				293875A41F35D6A9009F4B30 /* Resources */,
			);
			buildRules = (
			);
			dependencies = (
			);
			name = "Logboard macOS";
			productName = Logboard;
			productReference = 293875A61F35D6A9009F4B30 /* Logboard.framework */;
			productType = "com.apple.product-type.framework";
		};
		293875CA1F370E7D009F4B30 /* Logboard tvOS */ = {
			isa = PBXNativeTarget;
			buildConfigurationList = 293875D01F370E7D009F4B30 /* Build configuration list for PBXNativeTarget "Logboard tvOS" */;
			buildPhases = (
				293875C61F370E7D009F4B30 /* Sources */,
				293875C71F370E7D009F4B30 /* Frameworks */,
				293875C81F370E7D009F4B30 /* Headers */,
				293875C91F370E7D009F4B30 /* Resources */,
			);
			buildRules = (
			);
			dependencies = (
			);
			name = "Logboard tvOS";
			productName = Logboard;
			productReference = 293875CB1F370E7D009F4B30 /* Logboard.framework */;
			productType = "com.apple.product-type.framework";
		};
/* End PBXNativeTarget section */

/* Begin PBXProject section */
		293874AC1F359A3B009F4B30 /* Project object */ = {
			isa = PBXProject;
			attributes = {
				LastSwiftUpdateCheck = 0900;
				LastUpgradeCheck = 0900;
				ORGANIZATIONNAME = "";
				TargetAttributes = {
					293875381F35D45B009F4B30 = {
						CreatedOnToolsVersion = 8.3.3;
						LastSwiftMigration = 0900;
						ProvisioningStyle = Automatic;
					};
					293875581F35D51E009F4B30 = {
						CreatedOnToolsVersion = 8.3.3;
						LastSwiftMigration = 0900;
						ProvisioningStyle = Automatic;
					};
					293875A51F35D6A9009F4B30 = {
						CreatedOnToolsVersion = 8.3.3;
						LastSwiftMigration = 0900;
						ProvisioningStyle = Automatic;
					};
					293875CA1F370E7D009F4B30 = {
						CreatedOnToolsVersion = 8.3.3;
						LastSwiftMigration = 0900;
						ProvisioningStyle = Automatic;
					};
				};
			};
			buildConfigurationList = 293874AF1F359A3B009F4B30 /* Build configuration list for PBXProject "Logboard" */;
			compatibilityVersion = "Xcode 8.0";
			developmentRegion = English;
			hasScannedForEncodings = 0;
			knownRegions = (
				en,
				Base,
			);
			mainGroup = 293874AB1F359A3B009F4B30;
			productRefGroup = 293874B61F359A3B009F4B30 /* Products */;
			projectDirPath = "";
			projectRoot = "";
			targets = (
				293875381F35D45B009F4B30 /* Logboard iOS */,
				293875581F35D51E009F4B30 /* Logboard watchOS */,
				293875A51F35D6A9009F4B30 /* Logboard macOS */,
				293875CA1F370E7D009F4B30 /* Logboard tvOS */,
			);
		};
/* End PBXProject section */

/* Begin PBXResourcesBuildPhase section */
		293875371F35D45B009F4B30 /* Resources */ = {
			isa = PBXResourcesBuildPhase;
			buildActionMask = 2147483647;
			files = (
			);
			runOnlyForDeploymentPostprocessing = 0;
		};
		293875571F35D51E009F4B30 /* Resources */ = {
			isa = PBXResourcesBuildPhase;
			buildActionMask = 2147483647;
			files = (
			);
			runOnlyForDeploymentPostprocessing = 0;
		};
		293875A41F35D6A9009F4B30 /* Resources */ = {
			isa = PBXResourcesBuildPhase;
			buildActionMask = 2147483647;
			files = (
			);
			runOnlyForDeploymentPostprocessing = 0;
		};
		293875C91F370E7D009F4B30 /* Resources */ = {
			isa = PBXResourcesBuildPhase;
			buildActionMask = 2147483647;
			files = (
			);
			runOnlyForDeploymentPostprocessing = 0;
		};
/* End PBXResourcesBuildPhase section */

/* Begin PBXSourcesBuildPhase section */
		293875341F35D45B009F4B30 /* Sources */ = {
			isa = PBXSourcesBuildPhase;
			buildActionMask = 2147483647;
			files = (
				29C4D5721FAD431700978193 /* Logboard.Data.swift in Sources */,
				29CC69C41FA5CF58005DF398 /* SocketAppender.swift in Sources */,
				293875B81F35DB5C009F4B30 /* LogboardAppender.swift in Sources */,
				29CC69C91FA5D46B005DF398 /* MultiAppender.swift in Sources */,
				293875BD1F35DD1C009F4B30 /* ConsoleAppender.swift in Sources */,
				293875C21F35DD77009F4B30 /* NullAppender.swift in Sources */,
				293875AE1F35D746009F4B30 /* Logboard.swift in Sources */,
			);
			runOnlyForDeploymentPostprocessing = 0;
		};
		293875541F35D51E009F4B30 /* Sources */ = {
			isa = PBXSourcesBuildPhase;
			buildActionMask = 2147483647;
			files = (
				29C4D5731FAD431700978193 /* Logboard.Data.swift in Sources */,
				293875B91F35DB5C009F4B30 /* LogboardAppender.swift in Sources */,
				296708FD1FA60DC400278D68 /* SocketAppender.swift in Sources */,
				29CC69CA1FA5D46B005DF398 /* MultiAppender.swift in Sources */,
				293875BE1F35DD1C009F4B30 /* ConsoleAppender.swift in Sources */,
				293875C31F35DD77009F4B30 /* NullAppender.swift in Sources */,
				293875AF1F35D747009F4B30 /* Logboard.swift in Sources */,
			);
			runOnlyForDeploymentPostprocessing = 0;
		};
		293875A11F35D6A9009F4B30 /* Sources */ = {
			isa = PBXSourcesBuildPhase;
			buildActionMask = 2147483647;
			files = (
				29C4D5741FAD431700978193 /* Logboard.Data.swift in Sources */,
				29CC69C61FA5CF58005DF398 /* SocketAppender.swift in Sources */,
				293875BB1F35DB5C009F4B30 /* LogboardAppender.swift in Sources */,
				29CC69CB1FA5D46B005DF398 /* MultiAppender.swift in Sources */,
				293875C01F35DD1C009F4B30 /* ConsoleAppender.swift in Sources */,
				293875C51F35DD77009F4B30 /* NullAppender.swift in Sources */,
				293875B11F35D748009F4B30 /* Logboard.swift in Sources */,
			);
			runOnlyForDeploymentPostprocessing = 0;
		};
		293875C61F370E7D009F4B30 /* Sources */ = {
			isa = PBXSourcesBuildPhase;
			buildActionMask = 2147483647;
			files = (
				29C4D5751FAD431700978193 /* Logboard.Data.swift in Sources */,
				29CC69C71FA5CF58005DF398 /* SocketAppender.swift in Sources */,
				293875E21F374DFC009F4B30 /* ConsoleAppender.swift in Sources */,
				29CC69CC1FA5D46B005DF398 /* MultiAppender.swift in Sources */,
				293875E31F374DFF009F4B30 /* Logboard.swift in Sources */,
				293875E41F374E01009F4B30 /* LogboardAppender.swift in Sources */,
				293875E51F374E04009F4B30 /* NullAppender.swift in Sources */,
			);
			runOnlyForDeploymentPostprocessing = 0;
		};
/* End PBXSourcesBuildPhase section */

/* Begin XCBuildConfiguration section */
		293874C71F359A3B009F4B30 /* Debug */ = {
			isa = XCBuildConfiguration;
			buildSettings = {
				ALWAYS_SEARCH_USER_PATHS = NO;
				CLANG_ANALYZER_NONNULL = YES;
				CLANG_ANALYZER_NUMBER_OBJECT_CONVERSION = YES_AGGRESSIVE;
				CLANG_CXX_LANGUAGE_STANDARD = "gnu++0x";
				CLANG_CXX_LIBRARY = "libc++";
				CLANG_ENABLE_MODULES = YES;
				CLANG_ENABLE_OBJC_ARC = YES;
				CLANG_WARN_BLOCK_CAPTURE_AUTORELEASING = YES;
				CLANG_WARN_BOOL_CONVERSION = YES;
				CLANG_WARN_COMMA = YES;
				CLANG_WARN_CONSTANT_CONVERSION = YES;
				CLANG_WARN_DIRECT_OBJC_ISA_USAGE = YES_ERROR;
				CLANG_WARN_DOCUMENTATION_COMMENTS = YES;
				CLANG_WARN_EMPTY_BODY = YES;
				CLANG_WARN_ENUM_CONVERSION = YES;
				CLANG_WARN_INFINITE_RECURSION = YES;
				CLANG_WARN_INT_CONVERSION = YES;
				CLANG_WARN_NON_LITERAL_NULL_CONVERSION = YES;
				CLANG_WARN_OBJC_LITERAL_CONVERSION = YES;
				CLANG_WARN_OBJC_ROOT_CLASS = YES_ERROR;
				CLANG_WARN_RANGE_LOOP_ANALYSIS = YES;
				CLANG_WARN_STRICT_PROTOTYPES = YES;
				CLANG_WARN_SUSPICIOUS_MOVE = YES;
				CLANG_WARN_UNREACHABLE_CODE = YES;
				CLANG_WARN__DUPLICATE_METHOD_MATCH = YES;
				"CODE_SIGN_IDENTITY[sdk=iphoneos*]" = "iPhone Developer";
				COPY_PHASE_STRIP = NO;
				CURRENT_PROJECT_VERSION = 1;
				DEBUG_INFORMATION_FORMAT = dwarf;
				ENABLE_STRICT_OBJC_MSGSEND = YES;
				ENABLE_TESTABILITY = YES;
				GCC_C_LANGUAGE_STANDARD = gnu99;
				GCC_DYNAMIC_NO_PIC = NO;
				GCC_NO_COMMON_BLOCKS = YES;
				GCC_OPTIMIZATION_LEVEL = 0;
				GCC_PREPROCESSOR_DEFINITIONS = (
					"DEBUG=1",
					"$(inherited)",
				);
				GCC_WARN_64_TO_32_BIT_CONVERSION = YES;
				"GCC_WARN_64_TO_32_BIT_CONVERSION[arch=*64]" = YES;
				GCC_WARN_ABOUT_RETURN_TYPE = YES_ERROR;
				GCC_WARN_UNDECLARED_SELECTOR = YES;
				GCC_WARN_UNINITIALIZED_AUTOS = YES_AGGRESSIVE;
				GCC_WARN_UNUSED_FUNCTION = YES;
				GCC_WARN_UNUSED_VARIABLE = YES;
				IPHONEOS_DEPLOYMENT_TARGET = 10.3;
				MTL_ENABLE_DEBUG_INFO = YES;
				ONLY_ACTIVE_ARCH = YES;
				SDKROOT = iphoneos;
				SWIFT_ACTIVE_COMPILATION_CONDITIONS = DEBUG;
				SWIFT_OPTIMIZATION_LEVEL = "-Onone";
				TARGETED_DEVICE_FAMILY = "1,2";
				VERSIONING_SYSTEM = "apple-generic";
				VERSION_INFO_PREFIX = "";
			};
			name = Debug;
		};
		293874C81F359A3B009F4B30 /* Release */ = {
			isa = XCBuildConfiguration;
			buildSettings = {
				ALWAYS_SEARCH_USER_PATHS = NO;
				CLANG_ANALYZER_NONNULL = YES;
				CLANG_ANALYZER_NUMBER_OBJECT_CONVERSION = YES_AGGRESSIVE;
				CLANG_CXX_LANGUAGE_STANDARD = "gnu++0x";
				CLANG_CXX_LIBRARY = "libc++";
				CLANG_ENABLE_MODULES = YES;
				CLANG_ENABLE_OBJC_ARC = YES;
				CLANG_WARN_BLOCK_CAPTURE_AUTORELEASING = YES;
				CLANG_WARN_BOOL_CONVERSION = YES;
				CLANG_WARN_COMMA = YES;
				CLANG_WARN_CONSTANT_CONVERSION = YES;
				CLANG_WARN_DIRECT_OBJC_ISA_USAGE = YES_ERROR;
				CLANG_WARN_DOCUMENTATION_COMMENTS = YES;
				CLANG_WARN_EMPTY_BODY = YES;
				CLANG_WARN_ENUM_CONVERSION = YES;
				CLANG_WARN_INFINITE_RECURSION = YES;
				CLANG_WARN_INT_CONVERSION = YES;
				CLANG_WARN_NON_LITERAL_NULL_CONVERSION = YES;
				CLANG_WARN_OBJC_LITERAL_CONVERSION = YES;
				CLANG_WARN_OBJC_ROOT_CLASS = YES_ERROR;
				CLANG_WARN_RANGE_LOOP_ANALYSIS = YES;
				CLANG_WARN_STRICT_PROTOTYPES = YES;
				CLANG_WARN_SUSPICIOUS_MOVE = YES;
				CLANG_WARN_UNREACHABLE_CODE = YES;
				CLANG_WARN__DUPLICATE_METHOD_MATCH = YES;
				"CODE_SIGN_IDENTITY[sdk=iphoneos*]" = "iPhone Developer";
				COPY_PHASE_STRIP = NO;
				CURRENT_PROJECT_VERSION = 1;
				DEBUG_INFORMATION_FORMAT = "dwarf-with-dsym";
				ENABLE_NS_ASSERTIONS = NO;
				ENABLE_STRICT_OBJC_MSGSEND = YES;
				GCC_C_LANGUAGE_STANDARD = gnu99;
				GCC_NO_COMMON_BLOCKS = YES;
				GCC_WARN_64_TO_32_BIT_CONVERSION = YES;
				"GCC_WARN_64_TO_32_BIT_CONVERSION[arch=*64]" = YES;
				GCC_WARN_ABOUT_RETURN_TYPE = YES_ERROR;
				GCC_WARN_UNDECLARED_SELECTOR = YES;
				GCC_WARN_UNINITIALIZED_AUTOS = YES_AGGRESSIVE;
				GCC_WARN_UNUSED_FUNCTION = YES;
				GCC_WARN_UNUSED_VARIABLE = YES;
				IPHONEOS_DEPLOYMENT_TARGET = 10.3;
				MTL_ENABLE_DEBUG_INFO = NO;
				SDKROOT = iphoneos;
				SWIFT_OPTIMIZATION_LEVEL = "-Owholemodule";
				TARGETED_DEVICE_FAMILY = "1,2";
				VALIDATE_PRODUCT = YES;
				VERSIONING_SYSTEM = "apple-generic";
				VERSION_INFO_PREFIX = "";
			};
			name = Release;
		};
		2938754B1F35D45C009F4B30 /* Debug */ = {
			isa = XCBuildConfiguration;
			buildSettings = {
				APPLICATION_EXTENSION_API_ONLY = YES;
				CODE_SIGN_IDENTITY = "";
				DEFINES_MODULE = YES;
				DYLIB_COMPATIBILITY_VERSION = 1;
				DYLIB_CURRENT_VERSION = 1;
				DYLIB_INSTALL_NAME_BASE = "@rpath";
				INFOPLIST_FILE = "$(SRCROOT)/Platforms/iOS/Info.plist";
				INSTALL_PATH = "$(LOCAL_LIBRARY_DIR)/Frameworks";
				IPHONEOS_DEPLOYMENT_TARGET = 8.0;
				LD_RUNPATH_SEARCH_PATHS = "$(inherited) @executable_path/Frameworks @loader_path/Frameworks";
				PRODUCT_BUNDLE_IDENTIFIER = com.github.shogo4405.Logboard;
				PRODUCT_NAME = Logboard;
				SKIP_INSTALL = YES;
				SWIFT_SWIFT3_OBJC_INFERENCE = Off;
				SWIFT_VERSION = 4.0;
			};
			name = Debug;
		};
		2938754C1F35D45C009F4B30 /* Release */ = {
			isa = XCBuildConfiguration;
			buildSettings = {
				APPLICATION_EXTENSION_API_ONLY = YES;
				CODE_SIGN_IDENTITY = "";
				DEFINES_MODULE = YES;
				DYLIB_COMPATIBILITY_VERSION = 1;
				DYLIB_CURRENT_VERSION = 1;
				DYLIB_INSTALL_NAME_BASE = "@rpath";
				INFOPLIST_FILE = "$(SRCROOT)/Platforms/iOS/Info.plist";
				INSTALL_PATH = "$(LOCAL_LIBRARY_DIR)/Frameworks";
				IPHONEOS_DEPLOYMENT_TARGET = 8.0;
				LD_RUNPATH_SEARCH_PATHS = "$(inherited) @executable_path/Frameworks @loader_path/Frameworks";
				PRODUCT_BUNDLE_IDENTIFIER = com.github.shogo4405.Logboard;
				PRODUCT_NAME = Logboard;
				SKIP_INSTALL = YES;
				SWIFT_SWIFT3_OBJC_INFERENCE = Off;
				SWIFT_VERSION = 4.0;
			};
			name = Release;
		};
		2938755F1F35D51E009F4B30 /* Debug */ = {
			isa = XCBuildConfiguration;
			buildSettings = {
				APPLICATION_EXTENSION_API_ONLY = YES;
				CODE_SIGN_IDENTITY = "";
				DEFINES_MODULE = YES;
				DYLIB_COMPATIBILITY_VERSION = 1;
				DYLIB_CURRENT_VERSION = 1;
				DYLIB_INSTALL_NAME_BASE = "@rpath";
				INFOPLIST_FILE = "$(SRCROOT)/Platforms/watchOS/Info.plist";
				INSTALL_PATH = "$(LOCAL_LIBRARY_DIR)/Frameworks";
				LD_RUNPATH_SEARCH_PATHS = "$(inherited) @executable_path/Frameworks @loader_path/Frameworks";
				PRODUCT_BUNDLE_IDENTIFIER = com.github.shogo4405.Logboard;
				PRODUCT_NAME = Logboard;
				SDKROOT = watchos;
				SKIP_INSTALL = YES;
				SWIFT_SWIFT3_OBJC_INFERENCE = Off;
				SWIFT_VERSION = 4.0;
				TARGETED_DEVICE_FAMILY = 4;
				WATCHOS_DEPLOYMENT_TARGET = 2.0;
			};
			name = Debug;
		};
		293875601F35D51E009F4B30 /* Release */ = {
			isa = XCBuildConfiguration;
			buildSettings = {
				APPLICATION_EXTENSION_API_ONLY = YES;
				CODE_SIGN_IDENTITY = "";
				DEFINES_MODULE = YES;
				DYLIB_COMPATIBILITY_VERSION = 1;
				DYLIB_CURRENT_VERSION = 1;
				DYLIB_INSTALL_NAME_BASE = "@rpath";
				INFOPLIST_FILE = "$(SRCROOT)/Platforms/watchOS/Info.plist";
				INSTALL_PATH = "$(LOCAL_LIBRARY_DIR)/Frameworks";
				LD_RUNPATH_SEARCH_PATHS = "$(inherited) @executable_path/Frameworks @loader_path/Frameworks";
				PRODUCT_BUNDLE_IDENTIFIER = com.github.shogo4405.Logboard;
				PRODUCT_NAME = Logboard;
				SDKROOT = watchos;
				SKIP_INSTALL = YES;
				SWIFT_SWIFT3_OBJC_INFERENCE = Off;
				SWIFT_VERSION = 4.0;
				TARGETED_DEVICE_FAMILY = 4;
				WATCHOS_DEPLOYMENT_TARGET = 2.0;
			};
			name = Release;
		};
		293875AC1F35D6A9009F4B30 /* Debug */ = {
			isa = XCBuildConfiguration;
			buildSettings = {
				APPLICATION_EXTENSION_API_ONLY = YES;
				CODE_SIGN_IDENTITY = "-";
				COMBINE_HIDPI_IMAGES = YES;
				DEFINES_MODULE = YES;
				DYLIB_COMPATIBILITY_VERSION = 1;
				DYLIB_CURRENT_VERSION = 1;
				DYLIB_INSTALL_NAME_BASE = "@rpath";
				FRAMEWORK_VERSION = A;
				INFOPLIST_FILE = "$(SRCROOT)/Platforms/macOS/Info.plist";
				INSTALL_PATH = "$(LOCAL_LIBRARY_DIR)/Frameworks";
				LD_RUNPATH_SEARCH_PATHS = "$(inherited) @executable_path/../Frameworks @loader_path/Frameworks";
				MACOSX_DEPLOYMENT_TARGET = 10.9;
				PRODUCT_BUNDLE_IDENTIFIER = com.github.shogo4405.Logboard;
				PRODUCT_NAME = Logboard;
				SDKROOT = macosx;
				SKIP_INSTALL = YES;
				SWIFT_SWIFT3_OBJC_INFERENCE = Off;
				SWIFT_VERSION = 4.0;
			};
			name = Debug;
		};
		293875AD1F35D6A9009F4B30 /* Release */ = {
			isa = XCBuildConfiguration;
			buildSettings = {
				APPLICATION_EXTENSION_API_ONLY = YES;
				CODE_SIGN_IDENTITY = "-";
				COMBINE_HIDPI_IMAGES = YES;
				DEFINES_MODULE = YES;
				DYLIB_COMPATIBILITY_VERSION = 1;
				DYLIB_CURRENT_VERSION = 1;
				DYLIB_INSTALL_NAME_BASE = "@rpath";
				FRAMEWORK_VERSION = A;
				INFOPLIST_FILE = "$(SRCROOT)/Platforms/macOS/Info.plist";
				INSTALL_PATH = "$(LOCAL_LIBRARY_DIR)/Frameworks";
				LD_RUNPATH_SEARCH_PATHS = "$(inherited) @executable_path/../Frameworks @loader_path/Frameworks";
				MACOSX_DEPLOYMENT_TARGET = 10.9;
				PRODUCT_BUNDLE_IDENTIFIER = com.github.shogo4405.Logboard;
				PRODUCT_NAME = Logboard;
				SDKROOT = macosx;
				SKIP_INSTALL = YES;
				SWIFT_SWIFT3_OBJC_INFERENCE = Off;
				SWIFT_VERSION = 4.0;
			};
			name = Release;
		};
		293875D11F370E7D009F4B30 /* Debug */ = {
			isa = XCBuildConfiguration;
			buildSettings = {
				APPLICATION_EXTENSION_API_ONLY = YES;
				CODE_SIGN_IDENTITY = "";
				DEFINES_MODULE = YES;
				DEVELOPMENT_TEAM = "";
				DYLIB_COMPATIBILITY_VERSION = 1;
				DYLIB_CURRENT_VERSION = 1;
				DYLIB_INSTALL_NAME_BASE = "@rpath";
				INFOPLIST_FILE = "$(SRCROOT)/Platforms/tvOS/Info.plist";
				INSTALL_PATH = "$(LOCAL_LIBRARY_DIR)/Frameworks";
				LD_RUNPATH_SEARCH_PATHS = "$(inherited) @executable_path/Frameworks @loader_path/Frameworks";
				PRODUCT_BUNDLE_IDENTIFIER = com.github.shogo4405.Logboard;
				PRODUCT_NAME = Logboard;
				SDKROOT = appletvos;
				SKIP_INSTALL = YES;
				SWIFT_SWIFT3_OBJC_INFERENCE = Off;
				SWIFT_VERSION = 4.0;
				TARGETED_DEVICE_FAMILY = 3;
				TVOS_DEPLOYMENT_TARGET = 9.0;
			};
			name = Debug;
		};
		293875D21F370E7D009F4B30 /* Release */ = {
			isa = XCBuildConfiguration;
			buildSettings = {
				APPLICATION_EXTENSION_API_ONLY = YES;
				CODE_SIGN_IDENTITY = "";
				DEFINES_MODULE = YES;
				DEVELOPMENT_TEAM = "";
				DYLIB_COMPATIBILITY_VERSION = 1;
				DYLIB_CURRENT_VERSION = 1;
				DYLIB_INSTALL_NAME_BASE = "@rpath";
				INFOPLIST_FILE = "$(SRCROOT)/Platforms/tvOS/Info.plist";
				INSTALL_PATH = "$(LOCAL_LIBRARY_DIR)/Frameworks";
				LD_RUNPATH_SEARCH_PATHS = "$(inherited) @executable_path/Frameworks @loader_path/Frameworks";
				PRODUCT_BUNDLE_IDENTIFIER = com.github.shogo4405.Logboard;
				PRODUCT_NAME = Logboard;
				SDKROOT = appletvos;
				SKIP_INSTALL = YES;
				SWIFT_SWIFT3_OBJC_INFERENCE = Off;
				SWIFT_VERSION = 4.0;
				TARGETED_DEVICE_FAMILY = 3;
				TVOS_DEPLOYMENT_TARGET = 9.0;
			};
			name = Release;
		};
/* End XCBuildConfiguration section */

/* Begin XCConfigurationList section */
		293874AF1F359A3B009F4B30 /* Build configuration list for PBXProject "Logboard" */ = {
			isa = XCConfigurationList;
			buildConfigurations = (
				293874C71F359A3B009F4B30 /* Debug */,
				293874C81F359A3B009F4B30 /* Release */,
			);
			defaultConfigurationIsVisible = 0;
			defaultConfigurationName = Release;
		};
		2938754A1F35D45C009F4B30 /* Build configuration list for PBXNativeTarget "Logboard iOS" */ = {
			isa = XCConfigurationList;
			buildConfigurations = (
				2938754B1F35D45C009F4B30 /* Debug */,
				2938754C1F35D45C009F4B30 /* Release */,
			);
			defaultConfigurationIsVisible = 0;
			defaultConfigurationName = Release;
		};
		2938755E1F35D51E009F4B30 /* Build configuration list for PBXNativeTarget "Logboard watchOS" */ = {
			isa = XCConfigurationList;
			buildConfigurations = (
				2938755F1F35D51E009F4B30 /* Debug */,
				293875601F35D51E009F4B30 /* Release */,
			);
			defaultConfigurationIsVisible = 0;
			defaultConfigurationName = Release;
		};
		293875AB1F35D6A9009F4B30 /* Build configuration list for PBXNativeTarget "Logboard macOS" */ = {
			isa = XCConfigurationList;
			buildConfigurations = (
				293875AC1F35D6A9009F4B30 /* Debug */,
				293875AD1F35D6A9009F4B30 /* Release */,
			);
			defaultConfigurationIsVisible = 0;
			defaultConfigurationName = Release;
		};
		293875D01F370E7D009F4B30 /* Build configuration list for PBXNativeTarget "Logboard tvOS" */ = {
			isa = XCConfigurationList;
			buildConfigurations = (
				293875D11F370E7D009F4B30 /* Debug */,
				293875D21F370E7D009F4B30 /* Release */,
			);
			defaultConfigurationIsVisible = 0;
			defaultConfigurationName = Release;
		};
/* End XCConfigurationList section */
	};
	rootObject = 293874AC1F359A3B009F4B30 /* Project object */;
}
